
Microsoft Visual Studio Solution File, Format Version 12.00
# Visual Studio Version 16
VisualStudioVersion = 16.0.33214.272
MinimumVisualStudioVersion = 10.0.40219.1
Project("{FAE04EC0-301F-11D3-BF4B-00C04F79EFBC}") = "EBankam", "EBankam\EBankam.csproj", "{3E739791-0164-4B2D-B258-E972061637C2}"
EndProject
Global
	GlobalSection(SolutionConfigurationPlatforms) = preSolution
		Debug|Any CPU = Debug|Any CPU
		Release|Any CPU = Release|Any CPU
	EndGlobalSection
	GlobalSection(ProjectConfigurationPlatforms) = postSolution
		{3E739791-0164-4B2D-B258-E972061637C2}.Debug|Any CPU.ActiveCfg = Debug|Any CPU
		{3E739791-0164-4B2D-B258-E972061637C2}.Debug|Any CPU.Build.0 = Debug|Any CPU
		{3E739791-0164-4B2D-B258-E972061637C2}.Release|Any CPU.ActiveCfg = Release|Any CPU
		{3E739791-0164-4B2D-B258-E972061637C2}.Release|Any CPU.Build.0 = Release|Any CPU
	EndGlobalSection
	GlobalSection(SolutionProperties) = preSolution
		HideSolutionNode = FALSE
	EndGlobalSection
	GlobalSection(ExtensibilityGlobals) = postSolution
		SolutionGuid = {B59D70BB-28BE-492B-953F-91FEDFB707D4}
	EndGlobalSection
EndGlobal
